Microsoft Visual Studio Solution File, Format Version 12.00
# Visual Studio Version 17
VisualStudioVersion = 17.5.2.0
MinimumVisualStudioVersion = 10.0.40219.1
Project("{2150E333-8FDC-42A3-9474-1A3956D46DE8}") = "Desafio1", "Desafio1", "{B8AF5BE3-69A8-775D-2186-58764AB32814}"
EndProject
Project("{FAE04EC0-301F-11D3-BF4B-00C04F79EFBC}") = "CalculadoraCsharp", "Desafio1\CalculadoraCsharp\CalculadoraCsharp.csproj", "{4DDC195D-505B-2CD5-3865-CE903CFE073C}"
EndProject
Global
	GlobalSection(SolutionConfigurationPlatforms) = preSolution
		Debug|Any CPU = Debug|Any CPU
		Release|Any CPU = Release|Any CPU
	EndGlobalSection
	GlobalSection(ProjectConfigurationPlatforms) = postSolution
		{4DDC195D-505B-2CD5-3865-CE903CFE073C}.Debug|Any CPU.ActiveCfg = Debug|Any CPU
		{4DDC195D-505B-2CD5-3865-CE903CFE073C}.Debug|Any CPU.Build.0 = Debug|Any CPU
		{4DDC195D-505B-2CD5-3865-CE903CFE073C}.Release|Any CPU.ActiveCfg = Release|Any CPU
		{4DDC195D-505B-2CD5-3865-CE903CFE073C}.Release|Any CPU.Build.0 = Release|Any CPU
	EndGlobalSection
	GlobalSection(SolutionProperties) = preSolution
		HideSolutionNode = FALSE
	EndGlobalSection
	GlobalSection(NestedProjects) = preSolution
		{4DDC195D-505B-2CD5-3865-CE903CFE073C} = {B8AF5BE3-69A8-775D-2186-58764AB32814}
	EndGlobalSection
	GlobalSection(ExtensibilityGlobals) = postSolution
		SolutionGuid = {7DB2435C-04FB-4237-ABEC-369221A1051E}
	EndGlobalSection
EndGlobal
